
Microsoft Visual Studio Solution File, Format Version 12.00
# Visual Studio Version 17
VisualStudioVersion = 17.0.31903.59
MinimumVisualStudioVersion = 10.0.40219.1
Project("{FAE04EC0-301F-11D3-BF4B-00C04F79EFBC}") = "Identity.Domain", "Identity.Domain\Identity.Domain.csproj", "{4B5A282A-E46D-493C-B5AC-1C2901607186}"
EndProject
Project("{FAE04EC0-301F-11D3-BF4B-00C04F79EFBC}") = "Identity.Contracts", "Identity.Contracts\Identity.Contracts.csproj", "{F54FB86B-3841-42A1-A14D-CD386391995B}"
EndProject
Project("{FAE04EC0-301F-11D3-BF4B-00C04F79EFBC}") = "Identity.Application", "Identity.Application\Identity.Application.csproj", "{9D896D42-74A0-4989-9D3F-2C25C3A55269}"
EndProject
Project("{FAE04EC0-301F-11D3-BF4B-00C04F79EFBC}") = "Identity.Infrastructure", "Identity.Infrastructure\Identity.Infrastructure.csproj", "{81E395E1-2879-44DA-A438-63F185A92867}"
EndProject
Project("{FAE04EC0-301F-11D3-BF4B-00C04F79EFBC}") = "Identity.Sso", "Identity.Sso\Identity.Sso.csproj", "{780143CB-B2CA-4B4A-992C-B67A6C7813D1}"
EndProject
Project("{FAE04EC0-301F-11D3-BF4B-00C04F79EFBC}") = "Identity.Application.Tests", "Identity.Application.Tests\Identity.Application.Tests.csproj", "{394658B8-8FF9-4BE7-A646-CC47F476E9AA}"
EndProject
Global
	GlobalSection(SolutionConfigurationPlatforms) = preSolution
		Debug|Any CPU = Debug|Any CPU
		Debug|x64 = Debug|x64
		Debug|x86 = Debug|x86
		Release|Any CPU = Release|Any CPU
		Release|x64 = Release|x64
		Release|x86 = Release|x86
	EndGlobalSection
	GlobalSection(ProjectConfigurationPlatforms) = postSolution
		{4B5A282A-E46D-493C-B5AC-1C2901607186}.Debug|Any CPU.ActiveCfg = Debug|Any CPU
		{4B5A282A-E46D-493C-B5AC-1C2901607186}.Debug|Any CPU.Build.0 = Debug|Any CPU
		{4B5A282A-E46D-493C-B5AC-1C2901607186}.Debug|x64.ActiveCfg = Debug|Any CPU
		{4B5A282A-E46D-493C-B5AC-1C2901607186}.Debug|x64.Build.0 = Debug|Any CPU
		{4B5A282A-E46D-493C-B5AC-1C2901607186}.Debug|x86.ActiveCfg = Debug|Any CPU
		{4B5A282A-E46D-493C-B5AC-1C2901607186}.Debug|x86.Build.0 = Debug|Any CPU
		{4B5A282A-E46D-493C-B5AC-1C2901607186}.Release|Any CPU.ActiveCfg = Release|Any CPU
		{4B5A282A-E46D-493C-B5AC-1C2901607186}.Release|Any CPU.Build.0 = Release|Any CPU
		{4B5A282A-E46D-493C-B5AC-1C2901607186}.Release|x64.ActiveCfg = Release|Any CPU
		{4B5A282A-E46D-493C-B5AC-1C2901607186}.Release|x64.Build.0 = Release|Any CPU
		{4B5A282A-E46D-493C-B5AC-1C2901607186}.Release|x86.ActiveCfg = Release|Any CPU
		{4B5A282A-E46D-493C-B5AC-1C2901607186}.Release|x86.Build.0 = Release|Any CPU
		{F54FB86B-3841-42A1-A14D-CD386391995B}.Debug|Any CPU.ActiveCfg = Debug|Any CPU
		{F54FB86B-3841-42A1-A14D-CD386391995B}.Debug|Any CPU.Build.0 = Debug|Any CPU
		{F54FB86B-3841-42A1-A14D-CD386391995B}.Debug|x64.ActiveCfg = Debug|Any CPU
		{F54FB86B-3841-42A1-A14D-CD386391995B}.Debug|x64.Build.0 = Debug|Any CPU
		{F54FB86B-3841-42A1-A14D-CD386391995B}.Debug|x86.ActiveCfg = Debug|Any CPU
		{F54FB86B-3841-42A1-A14D-CD386391995B}.Debug|x86.Build.0 = Debug|Any CPU
		{F54FB86B-3841-42A1-A14D-CD386391995B}.Release|Any CPU.ActiveCfg = Release|Any CPU
		{F54FB86B-3841-42A1-A14D-CD386391995B}.Release|Any CPU.Build.0 = Release|Any CPU
		{F54FB86B-3841-42A1-A14D-CD386391995B}.Release|x64.ActiveCfg = Release|Any CPU
		{F54FB86B-3841-42A1-A14D-CD386391995B}.Release|x64.Build.0 = Release|Any CPU
		{F54FB86B-3841-42A1-A14D-CD386391995B}.Release|x86.ActiveCfg = Release|Any CPU
		{F54FB86B-3841-42A1-A14D-CD386391995B}.Release|x86.Build.0 = Release|Any CPU
		{9D896D42-74A0-4989-9D3F-2C25C3A55269}.Debug|Any CPU.ActiveCfg = Debug|Any CPU
		{9D896D42-74A0-4989-9D3F-2C25C3A55269}.Debug|Any CPU.Build.0 = Debug|Any CPU
		{9D896D42-74A0-4989-9D3F-2C25C3A55269}.Debug|x64.ActiveCfg = Debug|Any CPU
		{9D896D42-74A0-4989-9D3F-2C25C3A55269}.Debug|x64.Build.0 = Debug|Any CPU
		{9D896D42-74A0-4989-9D3F-2C25C3A55269}.Debug|x86.ActiveCfg = Debug|Any CPU
		{9D896D42-74A0-4989-9D3F-2C25C3A55269}.Debug|x86.Build.0 = Debug|Any CPU
		{9D896D42-74A0-4989-9D3F-2C25C3A55269}.Release|Any CPU.ActiveCfg = Release|Any CPU
		{9D896D42-74A0-4989-9D3F-2C25C3A55269}.Release|Any CPU.Build.0 = Release|Any CPU
		{9D896D42-74A0-4989-9D3F-2C25C3A55269}.Release|x64.ActiveCfg = Release|Any CPU
		{9D896D42-74A0-4989-9D3F-2C25C3A55269}.Release|x64.Build.0 = Release|Any CPU
		{9D896D42-74A0-4989-9D3F-2C25C3A55269}.Release|x86.ActiveCfg = Release|Any CPU
		{9D896D42-74A0-4989-9D3F-2C25C3A55269}.Release|x86.Build.0 = Release|Any CPU
		{81E395E1-2879-44DA-A438-63F185A92867}.Debug|Any CPU.ActiveCfg = Debug|Any CPU
		{81E395E1-2879-44DA-A438-63F185A92867}.Debug|Any CPU.Build.0 = Debug|Any CPU
		{81E395E1-2879-44DA-A438-63F185A92867}.Debug|x64.ActiveCfg = Debug|Any CPU
		{81E395E1-2879-44DA-A438-63F185A92867}.Debug|x64.Build.0 = Debug|Any CPU
		{81E395E1-2879-44DA-A438-63F185A92867}.Debug|x86.ActiveCfg = Debug|Any CPU
		{81E395E1-2879-44DA-A438-63F185A92867}.Debug|x86.Build.0 = Debug|Any CPU
		{81E395E1-2879-44DA-A438-63F185A92867}.Release|Any CPU.ActiveCfg = Release|Any CPU
		{81E395E1-2879-44DA-A438-63F185A92867}.Release|Any CPU.Build.0 = Release|Any CPU
		{81E395E1-2879-44DA-A438-63F185A92867}.Release|x64.ActiveCfg = Release|Any CPU
		{81E395E1-2879-44DA-A438-63F185A92867}.Release|x64.Build.0 = Release|Any CPU
		{81E395E1-2879-44DA-A438-63F185A92867}.Release|x86.ActiveCfg = Release|Any CPU
		{81E395E1-2879-44DA-A438-63F185A92867}.Release|x86.Build.0 = Release|Any CPU
		{780143CB-B2CA-4B4A-992C-B67A6C7813D1}.Debug|Any CPU.ActiveCfg = Debug|Any CPU
		{780143CB-B2CA-4B4A-992C-B67A6C7813D1}.Debug|Any CPU.Build.0 = Debug|Any CPU
		{780143CB-B2CA-4B4A-992C-B67A6C7813D1}.Debug|x64.ActiveCfg = Debug|Any CPU
		{780143CB-B2CA-4B4A-992C-B67A6C7813D1}.Debug|x64.Build.0 = Debug|Any CPU
		{780143CB-B2CA-4B4A-992C-B67A6C7813D1}.Debug|x86.ActiveCfg = Debug|Any CPU
		{780143CB-B2CA-4B4A-992C-B67A6C7813D1}.Debug|x86.Build.0 = Debug|Any CPU
		{780143CB-B2CA-4B4A-992C-B67A6C7813D1}.Release|Any CPU.ActiveCfg = Release|Any CPU
		{780143CB-B2CA-4B4A-992C-B67A6C7813D1}.Release|Any CPU.Build.0 = Release|Any CPU
		{780143CB-B2CA-4B4A-992C-B67A6C7813D1}.Release|x64.ActiveCfg = Release|Any CPU
		{780143CB-B2CA-4B4A-992C-B67A6C7813D1}.Release|x64.Build.0 = Release|Any CPU
		{780143CB-B2CA-4B4A-992C-B67A6C7813D1}.Release|x86.ActiveCfg = Release|Any CPU
		{780143CB-B2CA-4B4A-992C-B67A6C7813D1}.Release|x86.Build.0 = Release|Any CPU
		{394658B8-8FF9-4BE7-A646-CC47F476E9AA}.Debug|Any CPU.ActiveCfg = Debug|Any CPU
		{394658B8-8FF9-4BE7-A646-CC47F476E9AA}.Debug|Any CPU.Build.0 = Debug|Any CPU
		{394658B8-8FF9-4BE7-A646-CC47F476E9AA}.Debug|x64.ActiveCfg = Debug|Any CPU
		{394658B8-8FF9-4BE7-A646-CC47F476E9AA}.Debug|x64.Build.0 = Debug|Any CPU
		{394658B8-8FF9-4BE7-A646-CC47F476E9AA}.Debug|x86.ActiveCfg = Debug|Any CPU
		{394658B8-8FF9-4BE7-A646-CC47F476E9AA}.Debug|x86.Build.0 = Debug|Any CPU
		{394658B8-8FF9-4BE7-A646-CC47F476E9AA}.Release|Any CPU.ActiveCfg = Release|Any CPU
		{394658B8-8FF9-4BE7-A646-CC47F476E9AA}.Release|Any CPU.Build.0 = Release|Any CPU
		{394658B8-8FF9-4BE7-A646-CC47F476E9AA}.Release|x64.ActiveCfg = Release|Any CPU
		{394658B8-8FF9-4BE7-A646-CC47F476E9AA}.Release|x64.Build.0 = Release|Any CPU
		{394658B8-8FF9-4BE7-A646-CC47F476E9AA}.Release|x86.ActiveCfg = Release|Any CPU
		{394658B8-8FF9-4BE7-A646-CC47F476E9AA}.Release|x86.Build.0 = Release|Any CPU
	EndGlobalSection
	GlobalSection(SolutionProperties) = preSolution
		HideSolutionNode = FALSE
	EndGlobalSection
EndGlobal
